
Microsoft Visual Studio Solution File, Format Version 12.00
# Visual Studio Version 17
VisualStudioVersion = 17.4.33213.308
MinimumVisualStudioVersion = 10.0.40219.1
Project("{FAE04EC0-301F-11D3-BF4B-00C04F79EFBC}") = "SqlEsSync.Api", "SqlEsSync.Api\SqlEsSync.Api.csproj", "{E425E699-7A98-44D4-AFB3-74EF5C051A98}"
EndProject
Project("{FAE04EC0-301F-11D3-BF4B-00C04F79EFBC}") = "SqlEsSync.Domain", "SqlEsSync.Domain\SqlEsSync.Domain.csproj", "{8B560751-6C32-4B4D-BBEC-939DCD8FF1F5}"
EndProject
Project("{FAE04EC0-301F-11D3-BF4B-00C04F79EFBC}") = "SqlEsSync.Application", "SqlEsSync.Application\SqlEsSync.Application.csproj", "{1F01AD19-5AD9-431F-BBC9-1BCCA4C65D97}"
EndProject
Project("{FAE04EC0-301F-11D3-BF4B-00C04F79EFBC}") = "SqlEsSync.Infrastructure", "SqlEsSync.Infrastracture\SqlEsSync.Infrastructure.csproj", "{B782224C-F826-4C27-8687-C0DED1A923E2}"
EndProject
Project("{2150E333-8FDC-42A3-9474-1A3956D46DE8}") = "Solution Items", "Solution Items", "{74B5E33F-B1D9-4C79-923D-7419DB7FD8D2}"
EndProject
Global
	GlobalSection(SolutionConfigurationPlatforms) = preSolution
		Debug|Any CPU = Debug|Any CPU
		Release|Any CPU = Release|Any CPU
	EndGlobalSection
	GlobalSection(ProjectConfigurationPlatforms) = postSolution
		{E425E699-7A98-44D4-AFB3-74EF5C051A98}.Debug|Any CPU.ActiveCfg = Debug|Any CPU
		{E425E699-7A98-44D4-AFB3-74EF5C051A98}.Debug|Any CPU.Build.0 = Debug|Any CPU
		{E425E699-7A98-44D4-AFB3-74EF5C051A98}.Release|Any CPU.ActiveCfg = Release|Any CPU
		{E425E699-7A98-44D4-AFB3-74EF5C051A98}.Release|Any CPU.Build.0 = Release|Any CPU
		{8B560751-6C32-4B4D-BBEC-939DCD8FF1F5}.Debug|Any CPU.ActiveCfg = Debug|Any CPU
		{8B560751-6C32-4B4D-BBEC-939DCD8FF1F5}.Debug|Any CPU.Build.0 = Debug|Any CPU
		{8B560751-6C32-4B4D-BBEC-939DCD8FF1F5}.Release|Any CPU.ActiveCfg = Release|Any CPU
		{8B560751-6C32-4B4D-BBEC-939DCD8FF1F5}.Release|Any CPU.Build.0 = Release|Any CPU
		{1F01AD19-5AD9-431F-BBC9-1BCCA4C65D97}.Debug|Any CPU.ActiveCfg = Debug|Any CPU
		{1F01AD19-5AD9-431F-BBC9-1BCCA4C65D97}.Debug|Any CPU.Build.0 = Debug|Any CPU
		{1F01AD19-5AD9-431F-BBC9-1BCCA4C65D97}.Release|Any CPU.ActiveCfg = Release|Any CPU
		{1F01AD19-5AD9-431F-BBC9-1BCCA4C65D97}.Release|Any CPU.Build.0 = Release|Any CPU
		{B782224C-F826-4C27-8687-C0DED1A923E2}.Debug|Any CPU.ActiveCfg = Debug|Any CPU
		{B782224C-F826-4C27-8687-C0DED1A923E2}.Debug|Any CPU.Build.0 = Debug|Any CPU
		{B782224C-F826-4C27-8687-C0DED1A923E2}.Release|Any CPU.ActiveCfg = Release|Any CPU
		{B782224C-F826-4C27-8687-C0DED1A923E2}.Release|Any CPU.Build.0 = Release|Any CPU
	EndGlobalSection
	GlobalSection(SolutionProperties) = preSolution
		HideSolutionNode = FALSE
	EndGlobalSection
	GlobalSection(ExtensibilityGlobals) = postSolution
		SolutionGuid = {24924697-FBFA-4946-B30C-C0DD2B2F1774}
	EndGlobalSection
EndGlobal
